# THIS IS AN AUTOGENERATED FILE. DO NOT EDIT THIS FILE DIRECTLY.
# yarn lockfile v1


goforblob@^0.0.2-alpha.1:
  version "0.0.2-alpha.1"
  resolved "https://registry.yarnpkg.com/goforblob/-/goforblob-0.0.2-alpha.1.tgz#047ad027123776de9892aa838048a3fc46e1056f"
  integrity sha512-bYsOUtj7FVUoAud0/IKM8p93FLLswYqz6pKac/RHNYSLgbcv3VlAdR0vLlT9+go9VMbHI6rLYhgKHrEmPUTzEQ==
